// !$*UTF8*$!
{
	archiveVersion = 1;
	classes = {
	};
	objectVersion = 46;
	objects = {

/* Begin PBXBuildFile section */
		A01B30541DC5D43400F57CFC /* AppDelegate.swift in Sources */ = {isa = PBXBuildFile; fileRef = A01B30531DC5D43400F57CFC /* AppDelegate.swift */; };
		A01B30561DC5D43400F57CFC /* ViewController.swift in Sources */ = {isa = PBXBuildFile; fileRef = A01B30551DC5D43400F57CFC /* ViewController.swift */; };
		A01B30591DC5D43400F57CFC /* Main.storyboard in Resources */ = {isa = PBXBuildFile; fileRef = A01B30571DC5D43400F57CFC /* Main.storyboard */; };
		A01B305B1DC5D43400F57CFC /* Assets.xcassets in Resources */ = {isa = PBXBuildFile; fileRef = A01B305A1DC5D43400F57CFC /* Assets.xcassets */; };
		A01B305E1DC5D43400F57CFC /* LaunchScreen.storyboard in Resources */ = {isa = PBXBuildFile; fileRef = A01B305C1DC5D43400F57CFC /* LaunchScreen.storyboard */; };
/* End PBXBuildFile section */

/* Begin PBXFileReference section */
		A01B30501DC5D43400F57CFC /* moveApp.app */ = {isa = PBXFileReference; explicitFileType = wrapper.application; includeInIndex = 0; path = moveApp.app; sourceTree = BUILT_PRODUCTS_DIR; };
		A01B30531DC5D43400F57CFC /* AppDelegate.swift */ = {isa = PBXFileReference; lastKnownFileType = sourcecode.swift; path = AppDelegate.swift; sourceTree = "<group>"; };
		A01B30551DC5D43400F57CFC /* ViewController.swift */ = {isa = PBXFileReference; lastKnownFileType = sourcecode.swift; path = ViewController.swift; sourceTree = "<group>"; };
		A01B30581DC5D43400F57CFC /* Base */ = {isa = PBXFileReference; lastKnownFileType = file.storyboard; name = Base; path = Base.lproj/Main.storyboard; sourceTree = "<group>"; };
		A01B305A1DC5D43400F57CFC /* Assets.xcassets */ = {isa = PBXFileReference; lastKnownFileType = folder.assetcatalog; path = Assets.xcassets; sourceTree = "<group>"; };
		A01B305D1DC5D43400F57CFC /* Base */ = {isa = PBXFileReference; lastKnownFileType = file.storyboard; name = Base; path = Base.lproj/LaunchScreen.storyboard; sourceTree = "<group>"; };
		A01B305F1DC5D43400F57CFC /* Info.plist */ = {isa = PBXFileReference; lastKnownFileType = text.plist.xml; path = Info.plist; sourceTree = "<group>"; };
/* End PBXFileReference section */

/* Begin PBXFrameworksBuildPhase section */
		A01B304D1DC5D43400F57CFC /* Frameworks */ = {
			isa = PBXFrameworksBuildPhase;
			buildActionMask = 2147483647;
			files = (
			);
			runOnlyForDeploymentPostprocessing = 0;
		};
/* End PBXFrameworksBuildPhase section */

/* Begin PBXGroup section */
		A01B30471DC5D43400F57CFC = {
			isa = PBXGroup;
			children = (
				A01B30521DC5D43400F57CFC /* moveApp */,
				A01B30511DC5D43400F57CFC /* Products */,
			);
			sourceTree = "<group>";
		};
		A01B30511DC5D43400F57CFC /* Products */ = {
			isa = PBXGroup;
			children = (
				A01B30501DC5D43400F57CFC /* moveApp.app */,
			);
			name = Products;
			sourceTree = "<group>";
		};
		A01B30521DC5D43400F57CFC /* moveApp */ = {
			isa = PBXGroup;
			children = (
				A01B30531DC5D43400F57CFC /* AppDelegate.swift */,
				A01B30551DC5D43400F57CFC /* ViewController.swift */,
				A01B30571DC5D43400F57CFC /* Main.storyboard */,
				A01B305A1DC5D43400F57CFC /* Assets.xcassets */,
				A01B305C1DC5D43400F57CFC /* LaunchScreen.storyboard */,
				A01B305F1DC5D43400F57CFC /* Info.plist */,
			);
			path = moveApp;
			sourceTree = "<group>";
		};
/* End PBXGroup section */

/* Begin PBXNativeTarget section */
		A01B304F1DC5D43400F57CFC /* moveApp */ = {
			isa = PBXNativeTarget;
			buildConfigurationList = A01B30621DC5D43400F57CFC /* Build configuration list for PBXNativeTarget "moveApp" */;
			buildPhases = (
				A01B304C1DC5D43400F57CFC /* Sources */,
				A01B304D1DC5D43400F57CFC /* Frameworks */,
				A01B304E1DC5D43400F57CFC /* Resources */,
			);
			buildRules = (
			);
			dependencies = (
			);
			name = moveApp;
			productName = moveApp;
			productReference = A01B30501DC5D43400F57CFC /* moveApp.app */;
			productType = "com.apple.product-type.application";
		};
/* End PBXNativeTarget section */

/* Begin PBXProject section */
		A01B30481DC5D43400F57CFC /* Project object */ = {
			isa = PBXProject;
			attributes = {
				LastSwiftUpdateCheck = 0810;
				LastUpgradeCheck = 0810;
				ORGANIZATIONNAME = "仲上大貴";
				TargetAttributes = {
					A01B304F1DC5D43400F57CFC = {
						CreatedOnToolsVersion = 8.1;
						ProvisioningStyle = Automatic;
					};
				};
			};
			buildConfigurationList = A01B304B1DC5D43400F57CFC /* Build configuration list for PBXProject "moveApp" */;
			compatibilityVersion = "Xcode 3.2";
			developmentRegion = English;
			hasScannedForEncodings = 0;
			knownRegions = (
				en,
				Base,
			);
			mainGroup = A01B30471DC5D43400F57CFC;
			productRefGroup = A01B30511DC5D43400F57CFC /* Products */;
			projectDirPath = "";
			projectRoot = "";
			targets = (
				A01B304F1DC5D43400F57CFC /* moveApp */,
			);
		};
/* End PBXProject section */

/* Begin PBXResourcesBuildPhase section */
		A01B304E1DC5D43400F57CFC /* Resources */ = {
			isa = PBXResourcesBuildPhase;
			buildActionMask = 2147483647;
			files = (
				A01B305E1DC5D43400F57CFC /* LaunchScreen.storyboard in Resources */,
				A01B305B1DC5D43400F57CFC /* Assets.xcassets in Resources */,
				A01B30591DC5D43400F57CFC /* Main.storyboard in Resources */,
			);
			runOnlyForDeploymentPostprocessing = 0;
		};
/* End PBXResourcesBuildPhase section */

/* Begin PBXSourcesBuildPhase section */
		A01B304C1DC5D43400F57CFC /* Sources */ = {
			isa = PBXSourcesBuildPhase;
			buildActionMask = 2147483647;
			files = (
				A01B30561DC5D43400F57CFC /* ViewController.swift in Sources */,
				A01B30541DC5D43400F57CFC /* AppDelegate.swift in Sources */,
			);
			runOnlyForDeploymentPostprocessing = 0;
		};
/* End PBXSourcesBuildPhase section */

/* Begin PBXVariantGroup section */
		A01B30571DC5D43400F57CFC /* Main.storyboard */ = {
			isa = PBXVariantGroup;
			children = (
				A01B30581DC5D43400F57CFC /* Base */,
			);
			name = Main.storyboard;
			sourceTree = "<group>";
		};
		A01B305C1DC5D43400F57CFC /* LaunchScreen.storyboard */ = {
			isa = PBXVariantGroup;
			children = (
				A01B305D1DC5D43400F57CFC /* Base */,
			);
			name = LaunchScreen.storyboard;
			sourceTree = "<group>";
		};
/* End PBXVariantGroup section */

/* Begin XCBuildConfiguration section */
		A01B30601DC5D43400F57CFC /* Debug */ = {
			isa = XCBuildConfiguration;
			buildSettings = {
				ALWAYS_SEARCH_USER_PATHS = NO;
				CLANG_ANALYZER_NONNULL = YES;
				CLANG_CXX_LANGUAGE_STANDARD = "gnu++0x";
				CLANG_CXX_LIBRARY = "libc++";
				CLANG_ENABLE_MODULES = YES;
				CLANG_ENABLE_OBJC_ARC = YES;
				CLANG_WARN_BOOL_CONVERSION = YES;
				CLANG_WARN_CONSTANT_CONVERSION = YES;
				CLANG_WARN_DIRECT_OBJC_ISA_USAGE = YES_ERROR;
				CLANG_WARN_DOCUMENTATION_COMMENTS = YES;
				CLANG_WARN_EMPTY_BODY = YES;
				CLANG_WARN_ENUM_CONVERSION = YES;
				CLANG_WARN_INFINITE_RECURSION = YES;
				CLANG_WARN_INT_CONVERSION = YES;
				CLANG_WARN_OBJC_ROOT_CLASS = YES_ERROR;
				CLANG_WARN_SUSPICIOUS_MOVES = YES;
				CLANG_WARN_UNREACHABLE_CODE = YES;
				CLANG_WARN__DUPLICATE_METHOD_MATCH = YES;
				"CODE_SIGN_IDENTITY[sdk=iphoneos*]" = "iPhone Developer";
				COPY_PHASE_STRIP = NO;
				DEBUG_INFORMATION_FORMAT = dwarf;
				ENABLE_STRICT_OBJC_MSGSEND = YES;
				ENABLE_TESTABILITY = YES;
				GCC_C_LANGUAGE_STANDARD = gnu99;
				GCC_DYNAMIC_NO_PIC = NO;
				GCC_NO_COMMON_BLOCKS = YES;
				GCC_OPTIMIZATION_LEVEL = 0;
				GCC_PREPROCESSOR_DEFINITIONS = (
					"DEBUG=1",
					"$(inherited)",
				);
				GCC_WARN_64_TO_32_BIT_CONVERSION = YES;
				GCC_WARN_ABOUT_RETURN_TYPE = YES_ERROR;
				GCC_WARN_UNDECLARED_SELECTOR = YES;
				GCC_WARN_UNINITIALIZED_AUTOS = YES_AGGRESSIVE;
				GCC_WARN_UNUSED_FUNCTION = YES;
				GCC_WARN_UNUSED_VARIABLE = YES;
				IPHONEOS_DEPLOYMENT_TARGET = 10.1;
				MTL_ENABLE_DEBUG_INFO = YES;
				ONLY_ACTIVE_ARCH = YES;
				SDKROOT = iphoneos;
				SWIFT_ACTIVE_COMPILATION_CONDITIONS = DEBUG;
				SWIFT_OPTIMIZATION_LEVEL = "-Onone";
			};
			name = Debug;
		};
		A01B30611DC5D43400F57CFC /* Release */ = {
			isa = XCBuildConfiguration;
			buildSettings = {
				ALWAYS_SEARCH_USER_PATHS = NO;
				CLANG_ANALYZER_NONNULL = YES;
				CLANG_CXX_LANGUAGE_STANDARD = "gnu++0x";
				CLANG_CXX_LIBRARY = "libc++";
				CLANG_ENABLE_MODULES = YES;
				CLANG_ENABLE_OBJC_ARC = YES;
				CLANG_WARN_BOOL_CONVERSION = YES;
				CLANG_WARN_CONSTANT_CONVERSION = YES;
				CLANG_WARN_DIRECT_OBJC_ISA_USAGE = YES_ERROR;
				CLANG_WARN_DOCUMENTATION_COMMENTS = YES;
				CLANG_WARN_EMPTY_BODY = YES;
				CLANG_WARN_ENUM_CONVERSION = YES;
				CLANG_WARN_INFINITE_RECURSION = YES;
				CLANG_WARN_INT_CONVERSION = YES;
				CLANG_WARN_OBJC_ROOT_CLASS = YES_ERROR;
				CLANG_WARN_SUSPICIOUS_MOVES = YES;
				CLANG_WARN_UNREACHABLE_CODE = YES;
				CLANG_WARN__DUPLICATE_METHOD_MATCH = YES;
				"CODE_SIGN_IDENTITY[sdk=iphoneos*]" = "iPhone Developer";
				COPY_PHASE_STRIP = NO;
				DEBUG_INFORMATION_FORMAT = "dwarf-with-dsym";
				ENABLE_NS_ASSERTIONS = NO;
				ENABLE_STRICT_OBJC_MSGSEND = YES;
				GCC_C_LANGUAGE_STANDARD = gnu99;
				GCC_NO_COMMON_BLOCKS = YES;
				GCC_WARN_64_TO_32_BIT_CONVERSION = YES;
				GCC_WARN_ABOUT_RETURN_TYPE = YES_ERROR;
				GCC_WARN_UNDECLARED_SELECTOR = YES;
				GCC_WARN_UNINITIALIZED_AUTOS = YES_AGGRESSIVE;
				GCC_WARN_UNUSED_FUNCTION = YES;
				GCC_WARN_UNUSED_VARIABLE = YES;
				IPHONEOS_DEPLOYMENT_TARGET = 10.1;
				MTL_ENABLE_DEBUG_INFO = NO;
				SDKROOT = iphoneos;
				SWIFT_OPTIMIZATION_LEVEL = "-Owholemodule";
				VALIDATE_PRODUCT = YES;
			};
			name = Release;
		};
		A01B30631DC5D43400F57CFC /* Debug */ = {
			isa = XCBuildConfiguration;
			buildSettings = {
				ASSETCATALOG_COMPILER_APPICON_NAME = AppIcon;
				INFOPLIST_FILE = moveApp/Info.plist;
				LD_RUNPATH_SEARCH_PATHS = "$(inherited) @executable_path/Frameworks";
				PRODUCT_BUNDLE_IDENTIFIER = nakagami.jp.moveApp;
				PRODUCT_NAME = "$(TARGET_NAME)";
				SWIFT_VERSION = 3.0;
			};
			name = Debug;
		};
		A01B30641DC5D43400F57CFC /* Release */ = {
			isa = XCBuildConfiguration;
			buildSettings = {
				ASSETCATALOG_COMPILER_APPICON_NAME = AppIcon;
				INFOPLIST_FILE = moveApp/Info.plist;
				LD_RUNPATH_SEARCH_PATHS = "$(inherited) @executable_path/Frameworks";
				PRODUCT_BUNDLE_IDENTIFIER = nakagami.jp.moveApp;
				PRODUCT_NAME = "$(TARGET_NAME)";
				SWIFT_VERSION = 3.0;
			};
			name = Release;
		};
/* End XCBuildConfiguration section */

/* Begin XCConfigurationList section */
		A01B304B1DC5D43400F57CFC /* Build configuration list for PBXProject "moveApp" */ = {
			isa = XCConfigurationList;
			buildConfigurations = (
				A01B30601DC5D43400F57CFC /* Debug */,
				A01B30611DC5D43400F57CFC /* Release */,
			);
			defaultConfigurationIsVisible = 0;
			defaultConfigurationName = Release;
		};
		A01B30621DC5D43400F57CFC /* Build configuration list for PBXNativeTarget "moveApp" */ = {
			isa = XCConfigurationList;
			buildConfigurations = (
				A01B30631DC5D43400F57CFC /* Debug */,
				A01B30641DC5D43400F57CFC /* Release */,
			);
			defaultConfigurationIsVisible = 0;
		};
/* End XCConfigurationList section */
	};
	rootObject = A01B30481DC5D43400F57CFC /* Project object */;
}
